
Microsoft Visual Studio Solution File, Format Version 12.00
# Visual Studio Version 17
VisualStudioVersion = 17.0.31903.59
MinimumVisualStudioVersion = 10.0.40219.1
Project("{FAE04EC0-301F-11D3-BF4B-00C04F79EFBC}") = "SolarPortal.Web", "SolarPortal.Web\SolarPortal.Web.csproj", "{B2EB99EF-7A75-4BB4-9923-0A9BE96181E4}"
EndProject
Project("{FAE04EC0-301F-11D3-BF4B-00C04F79EFBC}") = "SolarPortal.Domain", "SolarPortal.Domain\SolarPortal.Domain.csproj", "{B08219B4-497E-47A0-AC15-D85A8EF4ABA1}"
EndProject
Project("{FAE04EC0-301F-11D3-BF4B-00C04F79EFBC}") = "SolarPortal.Application", "SolarPortal.Application\SolarPortal.Application.csproj", "{C3BA9CC2-32C0-43F1-8432-632AA2CFB567}"
EndProject
Project("{FAE04EC0-301F-11D3-BF4B-00C04F79EFBC}") = "SolarPortal.Infrastructure", "SolarPortal.Infrastructure\SolarPortal.Infrastructure.csproj", "{FF5FF736-D9CE-4931-B390-25B710A818FF}"
EndProject
Global
	GlobalSection(SolutionConfigurationPlatforms) = preSolution
		Debug|Any CPU = Debug|Any CPU
		Release|Any CPU = Release|Any CPU
	EndGlobalSection
	GlobalSection(SolutionProperties) = preSolution
		HideSolutionNode = FALSE
	EndGlobalSection
	GlobalSection(ProjectConfigurationPlatforms) = postSolution
		{B2EB99EF-7A75-4BB4-9923-0A9BE96181E4}.Debug|Any CPU.ActiveCfg = Debug|Any CPU
		{B2EB99EF-7A75-4BB4-9923-0A9BE96181E4}.Debug|Any CPU.Build.0 = Debug|Any CPU
		{B2EB99EF-7A75-4BB4-9923-0A9BE96181E4}.Release|Any CPU.ActiveCfg = Release|Any CPU
		{B2EB99EF-7A75-4BB4-9923-0A9BE96181E4}.Release|Any CPU.Build.0 = Release|Any CPU
		{B08219B4-497E-47A0-AC15-D85A8EF4ABA1}.Debug|Any CPU.ActiveCfg = Debug|Any CPU
		{B08219B4-497E-47A0-AC15-D85A8EF4ABA1}.Debug|Any CPU.Build.0 = Debug|Any CPU
		{B08219B4-497E-47A0-AC15-D85A8EF4ABA1}.Release|Any CPU.ActiveCfg = Release|Any CPU
		{B08219B4-497E-47A0-AC15-D85A8EF4ABA1}.Release|Any CPU.Build.0 = Release|Any CPU
		{C3BA9CC2-32C0-43F1-8432-632AA2CFB567}.Debug|Any CPU.ActiveCfg = Debug|Any CPU
		{C3BA9CC2-32C0-43F1-8432-632AA2CFB567}.Debug|Any CPU.Build.0 = Debug|Any CPU
		{C3BA9CC2-32C0-43F1-8432-632AA2CFB567}.Release|Any CPU.ActiveCfg = Release|Any CPU
		{C3BA9CC2-32C0-43F1-8432-632AA2CFB567}.Release|Any CPU.Build.0 = Release|Any CPU
		{FF5FF736-D9CE-4931-B390-25B710A818FF}.Debug|Any CPU.ActiveCfg = Debug|Any CPU
		{FF5FF736-D9CE-4931-B390-25B710A818FF}.Debug|Any CPU.Build.0 = Debug|Any CPU
		{FF5FF736-D9CE-4931-B390-25B710A818FF}.Release|Any CPU.ActiveCfg = Release|Any CPU
		{FF5FF736-D9CE-4931-B390-25B710A818FF}.Release|Any CPU.Build.0 = Release|Any CPU
	EndGlobalSection
EndGlobal
